
Microsoft Visual Studio Solution File, Format Version 12.00
# Visual Studio Version 17
VisualStudioVersion = 17.7.34202.233
MinimumVisualStudioVersion = 10.0.40219.1
Project("{FAE04EC0-301F-11D3-BF4B-00C04F79EFBC}") = "Projekt", "Projekt\Projekt.csproj", "{DF45CE55-D2E3-4545-B08F-D76B52368689}"
EndProject
Global
	GlobalSection(SolutionConfigurationPlatforms) = preSolution
		Debug|Any CPU = Debug|Any CPU
		Release|Any CPU = Release|Any CPU
	EndGlobalSection
	GlobalSection(ProjectConfigurationPlatforms) = postSolution
		{DF45CE55-D2E3-4545-B08F-D76B52368689}.Debug|Any CPU.ActiveCfg = Debug|Any CPU
		{DF45CE55-D2E3-4545-B08F-D76B52368689}.Debug|Any CPU.Build.0 = Debug|Any CPU
		{DF45CE55-D2E3-4545-B08F-D76B52368689}.Release|Any CPU.ActiveCfg = Release|Any CPU
		{DF45CE55-D2E3-4545-B08F-D76B52368689}.Release|Any CPU.Build.0 = Release|Any CPU
	EndGlobalSection
	GlobalSection(SolutionProperties) = preSolution
		HideSolutionNode = FALSE
	EndGlobalSection
	GlobalSection(ExtensibilityGlobals) = postSolution
		SolutionGuid = {5D14B20D-BB0C-4755-9B0D-D23C8CE984F2}
	EndGlobalSection
EndGlobal
